<?xml version="1.0" encoding="utf-8"?>
<Project ToolsVersion="4.0" xmlns="http://schemas.microsoft.com/developer/msbuild/2003">
  <ItemGroup>
    <Filter Include="Source Files">
      <UniqueIdentifier>{4FC737F1-C7A5-4376-A066-2A32D752A2FF}</UniqueIdentifier>
      <Extensions>cpp;c;cc;cxx;def;odl;idl;hpj;bat;asm;asmx</Extensions>
    </Filter>
    <Filter Include="Header Files">
      <UniqueIdentifier>{93995380-89BD-4b04-88EB-625FBE52EBFB}</UniqueIdentifier>
      <Extensions>h;hh;hpp;hxx;hm;inl;inc;xsd</Extensions>
    </Filter>
    <Filter Include="Resource Files">
      <UniqueIdentifier>{67DA6AB6-F800-4c08-8B7A-83BB121AAD01}</UniqueIdentifier>
      <Extensions>rc;ico;cur;bmp;dlg;rc2;rct;bin;rgs;gif;jpg;jpeg;jpe;resx;tiff;tif;png;wav;mfcribbon-ms</Extensions>
    </Filter>
  </ItemGroup>
  <ItemGroup>
    <ClCompile Include="src\devices\block.c">
      <Filter>Source Files</Filter>
    </ClCompile>
    <ClCompile Include="src\devices\ide.c">
      <Filter>Source Files</Filter>
    </ClCompile>
    <ClCompile Include="src\devices\input.c">
      <Filter>Source Files</Filter>
    </ClCompile>
    <ClCompile Include="src\devices\intq.c">
      <Filter>Source Files</Filter>
    </ClCompile>
    <ClCompile Include="src\devices\kbd.c">
      <Filter>Source Files</Filter>
    </ClCompile>
    <ClCompile Include="src\devices\partition.c">
      <Filter>Source Files</Filter>
    </ClCompile>
    <ClCompile Include="src\devices\pit.c">
      <Filter>Source Files</Filter>
    </ClCompile>
    <ClCompile Include="src\devices\rtc.c">
      <Filter>Source Files</Filter>
    </ClCompile>
    <ClCompile Include="src\devices\serial.c">
      <Filter>Source Files</Filter>
    </ClCompile>
    <ClCompile Include="src\devices\shutdown.c">
      <Filter>Source Files</Filter>
    </ClCompile>
    <ClCompile Include="src\devices\speaker.c">
      <Filter>Source Files</Filter>
    </ClCompile>
    <ClCompile Include="src\devices\timer.c">
      <Filter>Source Files</Filter>
    </ClCompile>
    <ClCompile Include="src\devices\vga.c">
      <Filter>Source Files</Filter>
    </ClCompile>
    <ClCompile Include="src\examples\bubsort.c">
      <Filter>Source Files</Filter>
    </ClCompile>
    <ClCompile Include="src\examples\cat.c">
      <Filter>Source Files</Filter>
    </ClCompile>
    <ClCompile Include="src\examples\cmp.c">
      <Filter>Source Files</Filter>
    </ClCompile>
    <ClCompile Include="src\examples\cp.c">
      <Filter>Source Files</Filter>
    </ClCompile>
    <ClCompile Include="src\examples\echo.c">
      <Filter>Source Files</Filter>
    </ClCompile>
    <ClCompile Include="src\examples\halt.c">
      <Filter>Source Files</Filter>
    </ClCompile>
    <ClCompile Include="src\examples\hex-dump.c">
      <Filter>Source Files</Filter>
    </ClCompile>
    <ClCompile Include="src\examples\insult.c">
      <Filter>Source Files</Filter>
    </ClCompile>
    <ClCompile Include="src\examples\lineup.c">
      <Filter>Source Files</Filter>
    </ClCompile>
    <ClCompile Include="src\examples\ls.c">
      <Filter>Source Files</Filter>
    </ClCompile>
    <ClCompile Include="src\examples\matmult.c">
      <Filter>Source Files</Filter>
    </ClCompile>
    <ClCompile Include="src\examples\mcat.c">
      <Filter>Source Files</Filter>
    </ClCompile>
    <ClCompile Include="src\examples\mcp.c">
      <Filter>Source Files</Filter>
    </ClCompile>
    <ClCompile Include="src\examples\mkdir.c">
      <Filter>Source Files</Filter>
    </ClCompile>
    <ClCompile Include="src\examples\pwd.c">
      <Filter>Source Files</Filter>
    </ClCompile>
    <ClCompile Include="src\examples\recursor.c">
      <Filter>Source Files</Filter>
    </ClCompile>
    <ClCompile Include="src\examples\rm.c">
      <Filter>Source Files</Filter>
    </ClCompile>
    <ClCompile Include="src\examples\shell.c">
      <Filter>Source Files</Filter>
    </ClCompile>
    <ClCompile Include="src\filesys\directory.c">
      <Filter>Source Files</Filter>
    </ClCompile>
    <ClCompile Include="src\filesys\file.c">
      <Filter>Source Files</Filter>
    </ClCompile>
    <ClCompile Include="src\filesys\filesys.c">
      <Filter>Source Files</Filter>
    </ClCompile>
    <ClCompile Include="src\filesys\free-map.c">
      <Filter>Source Files</Filter>
    </ClCompile>
    <ClCompile Include="src\filesys\fsutil.c">
      <Filter>Source Files</Filter>
    </ClCompile>
    <ClCompile Include="src\filesys\inode.c">
      <Filter>Source Files</Filter>
    </ClCompile>
    <ClCompile Include="src\lib\kernel\bitmap.c">
      <Filter>Source Files</Filter>
    </ClCompile>
    <ClCompile Include="src\lib\kernel\console.c">
      <Filter>Source Files</Filter>
    </ClCompile>
    <ClCompile Include="src\lib\kernel\debug.c">
      <Filter>Source Files</Filter>
    </ClCompile>
    <ClCompile Include="src\lib\kernel\hash.c">
      <Filter>Source Files</Filter>
    </ClCompile>
    <ClCompile Include="src\lib\kernel\list.c">
      <Filter>Source Files</Filter>
    </ClCompile>
    <ClCompile Include="src\lib\user\console.c">
      <Filter>Source Files</Filter>
    </ClCompile>
    <ClCompile Include="src\lib\user\debug.c">
      <Filter>Source Files</Filter>
    </ClCompile>
    <ClCompile Include="src\lib\user\entry.c">
      <Filter>Source Files</Filter>
    </ClCompile>
    <ClCompile Include="src\lib\user\syscall.c">
      <Filter>Source Files</Filter>
    </ClCompile>
    <ClCompile Include="src\lib\arithmetic.c">
      <Filter>Source Files</Filter>
    </ClCompile>
    <ClCompile Include="src\lib\debug.c">
      <Filter>Source Files</Filter>
    </ClCompile>
    <ClCompile Include="src\lib\random.c">
      <Filter>Source Files</Filter>
    </ClCompile>
    <ClCompile Include="src\lib\stdio.c">
      <Filter>Source Files</Filter>
    </ClCompile>
    <ClCompile Include="src\lib\stdlib.c">
      <Filter>Source Files</Filter>
    </ClCompile>
    <ClCompile Include="src\lib\string.c">
      <Filter>Source Files</Filter>
    </ClCompile>
    <ClCompile Include="src\lib\ustar.c">
      <Filter>Source Files</Filter>
    </ClCompile>
    <ClCompile Include="src\tests\filesys\base\child-syn-read.c">
      <Filter>Source Files</Filter>
    </ClCompile>
    <ClCompile Include="src\tests\filesys\base\child-syn-wrt.c">
      <Filter>Source Files</Filter>
    </ClCompile>
    <ClCompile Include="src\tests\filesys\base\lg-create.c">
      <Filter>Source Files</Filter>
    </ClCompile>
    <ClCompile Include="src\tests\filesys\base\lg-full.c">
      <Filter>Source Files</Filter>
    </ClCompile>
    <ClCompile Include="src\tests\filesys\base\lg-random.c">
      <Filter>Source Files</Filter>
    </ClCompile>
    <ClCompile Include="src\tests\filesys\base\lg-seq-block.c">
      <Filter>Source Files</Filter>
    </ClCompile>
    <ClCompile Include="src\tests\filesys\base\lg-seq-random.c">
      <Filter>Source Files</Filter>
    </ClCompile>
    <ClCompile Include="src\tests\filesys\base\sm-create.c">
      <Filter>Source Files</Filter>
    </ClCompile>
    <ClCompile Include="src\tests\filesys\base\sm-full.c">
      <Filter>Source Files</Filter>
    </ClCompile>
    <ClCompile Include="src\tests\filesys\base\sm-random.c">
      <Filter>Source Files</Filter>
    </ClCompile>
    <ClCompile Include="src\tests\filesys\base\sm-seq-block.c">
      <Filter>Source Files</Filter>
    </ClCompile>
    <ClCompile Include="src\tests\filesys\base\sm-seq-random.c">
      <Filter>Source Files</Filter>
    </ClCompile>
    <ClCompile Include="src\tests\filesys\base\syn-read.c">
      <Filter>Source Files</Filter>
    </ClCompile>
    <ClCompile Include="src\tests\filesys\base\syn-remove.c">
      <Filter>Source Files</Filter>
    </ClCompile>
    <ClCompile Include="src\tests\filesys\base\syn-write.c">
      <Filter>Source Files</Filter>
    </ClCompile>
    <ClCompile Include="src\tests\filesys\extended\child-syn-rw.c">
      <Filter>Source Files</Filter>
    </ClCompile>
    <ClCompile Include="src\tests\filesys\extended\dir-empty-name.c">
      <Filter>Source Files</Filter>
    </ClCompile>
    <ClCompile Include="src\tests\filesys\extended\dir-mkdir.c">
      <Filter>Source Files</Filter>
    </ClCompile>
    <ClCompile Include="src\tests\filesys\extended\dir-mk-tree.c">
      <Filter>Source Files</Filter>
    </ClCompile>
    <ClCompile Include="src\tests\filesys\extended\dir-open.c">
      <Filter>Source Files</Filter>
    </ClCompile>
    <ClCompile Include="src\tests\filesys\extended\dir-over-file.c">
      <Filter>Source Files</Filter>
    </ClCompile>
    <ClCompile Include="src\tests\filesys\extended\dir-rm-cwd.c">
      <Filter>Source Files</Filter>
    </ClCompile>
    <ClCompile Include="src\tests\filesys\extended\dir-rmdir.c">
      <Filter>Source Files</Filter>
    </ClCompile>
    <ClCompile Include="src\tests\filesys\extended\dir-rm-parent.c">
      <Filter>Source Files</Filter>
    </ClCompile>
    <ClCompile Include="src\tests\filesys\extended\dir-rm-root.c">
      <Filter>Source Files</Filter>
    </ClCompile>
    <ClCompile Include="src\tests\filesys\extended\dir-rm-tree.c">
      <Filter>Source Files</Filter>
    </ClCompile>
    <ClCompile Include="src\tests\filesys\extended\dir-under-file.c">
      <Filter>Source Files</Filter>
    </ClCompile>
    <ClCompile Include="src\tests\filesys\extended\dir-vine.c">
      <Filter>Source Files</Filter>
    </ClCompile>
    <ClCompile Include="src\tests\filesys\extended\grow-create.c">
      <Filter>Source Files</Filter>
    </ClCompile>
    <ClCompile Include="src\tests\filesys\extended\grow-dir-lg.c">
      <Filter>Source Files</Filter>
    </ClCompile>
    <ClCompile Include="src\tests\filesys\extended\grow-file-size.c">
      <Filter>Source Files</Filter>
    </ClCompile>
    <ClCompile Include="src\tests\filesys\extended\grow-root-lg.c">
      <Filter>Source Files</Filter>
    </ClCompile>
    <ClCompile Include="src\tests\filesys\extended\grow-root-sm.c">
      <Filter>Source Files</Filter>
    </ClCompile>
    <ClCompile Include="src\tests\filesys\extended\grow-seq-lg.c">
      <Filter>Source Files</Filter>
    </ClCompile>
    <ClCompile Include="src\tests\filesys\extended\grow-seq-sm.c">
      <Filter>Source Files</Filter>
    </ClCompile>
    <ClCompile Include="src\tests\filesys\extended\grow-sparse.c">
      <Filter>Source Files</Filter>
    </ClCompile>
    <ClCompile Include="src\tests\filesys\extended\grow-tell.c">
      <Filter>Source Files</Filter>
    </ClCompile>
    <ClCompile Include="src\tests\filesys\extended\grow-two-files.c">
      <Filter>Source Files</Filter>
    </ClCompile>
    <ClCompile Include="src\tests\filesys\extended\mk-tree.c">
      <Filter>Source Files</Filter>
    </ClCompile>
    <ClCompile Include="src\tests\filesys\extended\syn-rw.c">
      <Filter>Source Files</Filter>
    </ClCompile>
    <ClCompile Include="src\tests\filesys\extended\tar.c">
      <Filter>Source Files</Filter>
    </ClCompile>
    <ClCompile Include="src\tests\filesys\seq-test.c">
      <Filter>Source Files</Filter>
    </ClCompile>
    <ClCompile Include="src\tests\internal\list.c">
      <Filter>Source Files</Filter>
    </ClCompile>
    <ClCompile Include="src\tests\internal\stdio.c">
      <Filter>Source Files</Filter>
    </ClCompile>
    <ClCompile Include="src\tests\internal\stdlib.c">
      <Filter>Source Files</Filter>
    </ClCompile>
    <ClCompile Include="src\tests\threads\alarm-negative.c">
      <Filter>Source Files</Filter>
    </ClCompile>
    <ClCompile Include="src\tests\threads\alarm-priority.c">
      <Filter>Source Files</Filter>
    </ClCompile>
    <ClCompile Include="src\tests\threads\alarm-simultaneous.c">
      <Filter>Source Files</Filter>
    </ClCompile>
    <ClCompile Include="src\tests\threads\alarm-wait.c">
      <Filter>Source Files</Filter>
    </ClCompile>
    <ClCompile Include="src\tests\threads\alarm-zero.c">
      <Filter>Source Files</Filter>
    </ClCompile>
    <ClCompile Include="src\tests\threads\mlfqs-block.c">
      <Filter>Source Files</Filter>
    </ClCompile>
    <ClCompile Include="src\tests\threads\mlfqs-fair.c">
      <Filter>Source Files</Filter>
    </ClCompile>
    <ClCompile Include="src\tests\threads\mlfqs-load-1.c">
      <Filter>Source Files</Filter>
    </ClCompile>
    <ClCompile Include="src\tests\threads\mlfqs-load-60.c">
      <Filter>Source Files</Filter>
    </ClCompile>
    <ClCompile Include="src\tests\threads\mlfqs-load-avg.c">
      <Filter>Source Files</Filter>
    </ClCompile>
    <ClCompile Include="src\tests\threads\mlfqs-recent-1.c">
      <Filter>Source Files</Filter>
    </ClCompile>
    <ClCompile Include="src\tests\threads\priority-change.c">
      <Filter>Source Files</Filter>
    </ClCompile>
    <ClCompile Include="src\tests\threads\priority-condvar.c">
      <Filter>Source Files</Filter>
    </ClCompile>
    <ClCompile Include="src\tests\threads\priority-donate-chain.c">
      <Filter>Source Files</Filter>
    </ClCompile>
    <ClCompile Include="src\tests\threads\priority-donate-lower.c">
      <Filter>Source Files</Filter>
    </ClCompile>
    <ClCompile Include="src\tests\threads\priority-donate-multiple.c">
      <Filter>Source Files</Filter>
    </ClCompile>
    <ClCompile Include="src\tests\threads\priority-donate-multiple2.c">
      <Filter>Source Files</Filter>
    </ClCompile>
    <ClCompile Include="src\tests\threads\priority-donate-nest.c">
      <Filter>Source Files</Filter>
    </ClCompile>
    <ClCompile Include="src\tests\threads\priority-donate-one.c">
      <Filter>Source Files</Filter>
    </ClCompile>
    <ClCompile Include="src\tests\threads\priority-donate-sema.c">
      <Filter>Source Files</Filter>
    </ClCompile>
    <ClCompile Include="src\tests\threads\priority-fifo.c">
      <Filter>Source Files</Filter>
    </ClCompile>
    <ClCompile Include="src\tests\threads\priority-preempt.c">
      <Filter>Source Files</Filter>
    </ClCompile>
    <ClCompile Include="src\tests\threads\priority-sema.c">
      <Filter>Source Files</Filter>
    </ClCompile>
    <ClCompile Include="src\tests\threads\tests.c">
      <Filter>Source Files</Filter>
    </ClCompile>
    <ClCompile Include="src\tests\userprog\no-vm\multi-oom.c">
      <Filter>Source Files</Filter>
    </ClCompile>
    <ClCompile Include="src\tests\userprog\args.c">
      <Filter>Source Files</Filter>
    </ClCompile>
    <ClCompile Include="src\tests\userprog\bad-jump.c">
      <Filter>Source Files</Filter>
    </ClCompile>
    <ClCompile Include="src\tests\userprog\bad-jump2.c">
      <Filter>Source Files</Filter>
    </ClCompile>
    <ClCompile Include="src\tests\userprog\bad-read.c">
      <Filter>Source Files</Filter>
    </ClCompile>
    <ClCompile Include="src\tests\userprog\bad-read2.c">
      <Filter>Source Files</Filter>
    </ClCompile>
    <ClCompile Include="src\tests\userprog\bad-write.c">
      <Filter>Source Files</Filter>
    </ClCompile>
    <ClCompile Include="src\tests\userprog\bad-write2.c">
      <Filter>Source Files</Filter>
    </ClCompile>
    <ClCompile Include="src\tests\userprog\boundary.c">
      <Filter>Source Files</Filter>
    </ClCompile>
    <ClCompile Include="src\tests\userprog\child-bad.c">
      <Filter>Source Files</Filter>
    </ClCompile>
    <ClCompile Include="src\tests\userprog\child-close.c">
      <Filter>Source Files</Filter>
    </ClCompile>
    <ClCompile Include="src\tests\userprog\child-rox.c">
      <Filter>Source Files</Filter>
    </ClCompile>
    <ClCompile Include="src\tests\userprog\child-simple.c">
      <Filter>Source Files</Filter>
    </ClCompile>
    <ClCompile Include="src\tests\userprog\close-bad-fd.c">
      <Filter>Source Files</Filter>
    </ClCompile>
    <ClCompile Include="src\tests\userprog\close-normal.c">
      <Filter>Source Files</Filter>
    </ClCompile>
    <ClCompile Include="src\tests\userprog\close-stdin.c">
      <Filter>Source Files</Filter>
    </ClCompile>
    <ClCompile Include="src\tests\userprog\close-stdout.c">
      <Filter>Source Files</Filter>
    </ClCompile>
    <ClCompile Include="src\tests\userprog\close-twice.c">
      <Filter>Source Files</Filter>
    </ClCompile>
    <ClCompile Include="src\tests\userprog\create-bad-ptr.c">
      <Filter>Source Files</Filter>
    </ClCompile>
    <ClCompile Include="src\tests\userprog\create-bound.c">
      <Filter>Source Files</Filter>
    </ClCompile>
    <ClCompile Include="src\tests\userprog\create-empty.c">
      <Filter>Source Files</Filter>
    </ClCompile>
    <ClCompile Include="src\tests\userprog\create-exists.c">
      <Filter>Source Files</Filter>
    </ClCompile>
    <ClCompile Include="src\tests\userprog\create-long.c">
      <Filter>Source Files</Filter>
    </ClCompile>
    <ClCompile Include="src\tests\userprog\create-normal.c">
      <Filter>Source Files</Filter>
    </ClCompile>
    <ClCompile Include="src\tests\userprog\create-null.c">
      <Filter>Source Files</Filter>
    </ClCompile>
    <ClCompile Include="src\tests\userprog\exec-arg.c">
      <Filter>Source Files</Filter>
    </ClCompile>
    <ClCompile Include="src\tests\userprog\exec-bad-ptr.c">
      <Filter>Source Files</Filter>
    </ClCompile>
    <ClCompile Include="src\tests\userprog\exec-missing.c">
      <Filter>Source Files</Filter>
    </ClCompile>
    <ClCompile Include="src\tests\userprog\exec-multiple.c">
      <Filter>Source Files</Filter>
    </ClCompile>
    <ClCompile Include="src\tests\userprog\exec-once.c">
      <Filter>Source Files</Filter>
    </ClCompile>
    <ClCompile Include="src\tests\userprog\exit.c">
      <Filter>Source Files</Filter>
    </ClCompile>
    <ClCompile Include="src\tests\userprog\halt.c">
      <Filter>Source Files</Filter>
    </ClCompile>
    <ClCompile Include="src\tests\userprog\multi-child-fd.c">
      <Filter>Source Files</Filter>
    </ClCompile>
    <ClCompile Include="src\tests\userprog\multi-recurse.c">
      <Filter>Source Files</Filter>
    </ClCompile>
    <ClCompile Include="src\tests\userprog\open-bad-ptr.c">
      <Filter>Source Files</Filter>
    </ClCompile>
    <ClCompile Include="src\tests\userprog\open-boundary.c">
      <Filter>Source Files</Filter>
    </ClCompile>
    <ClCompile Include="src\tests\userprog\open-empty.c">
      <Filter>Source Files</Filter>
    </ClCompile>
    <ClCompile Include="src\tests\userprog\open-missing.c">
      <Filter>Source Files</Filter>
    </ClCompile>
    <ClCompile Include="src\tests\userprog\open-normal.c">
      <Filter>Source Files</Filter>
    </ClCompile>
    <ClCompile Include="src\tests\userprog\open-null.c">
      <Filter>Source Files</Filter>
    </ClCompile>
    <ClCompile Include="src\tests\userprog\open-twice.c">
      <Filter>Source Files</Filter>
    </ClCompile>
    <ClCompile Include="src\tests\userprog\read-bad-fd.c">
      <Filter>Source Files</Filter>
    </ClCompile>
    <ClCompile Include="src\tests\userprog\read-bad-ptr.c">
      <Filter>Source Files</Filter>
    </ClCompile>
    <ClCompile Include="src\tests\userprog\read-boundary.c">
      <Filter>Source Files</Filter>
    </ClCompile>
    <ClCompile Include="src\tests\userprog\read-normal.c">
      <Filter>Source Files</Filter>
    </ClCompile>
    <ClCompile Include="src\tests\userprog\read-stdout.c">
      <Filter>Source Files</Filter>
    </ClCompile>
    <ClCompile Include="src\tests\userprog\read-zero.c">
      <Filter>Source Files</Filter>
    </ClCompile>
    <ClCompile Include="src\tests\userprog\rox-child.c">
      <Filter>Source Files</Filter>
    </ClCompile>
    <ClCompile Include="src\tests\userprog\rox-multichild.c">
      <Filter>Source Files</Filter>
    </ClCompile>
    <ClCompile Include="src\tests\userprog\rox-simple.c">
      <Filter>Source Files</Filter>
    </ClCompile>
    <ClCompile Include="src\tests\userprog\sc-bad-arg.c">
      <Filter>Source Files</Filter>
    </ClCompile>
    <ClCompile Include="src\tests\userprog\sc-bad-sp.c">
      <Filter>Source Files</Filter>
    </ClCompile>
    <ClCompile Include="src\tests\userprog\sc-boundary.c">
      <Filter>Source Files</Filter>
    </ClCompile>
    <ClCompile Include="src\tests\userprog\sc-boundary-2.c">
      <Filter>Source Files</Filter>
    </ClCompile>
    <ClCompile Include="src\tests\userprog\wait-bad-pid.c">
      <Filter>Source Files</Filter>
    </ClCompile>
    <ClCompile Include="src\tests\userprog\wait-killed.c">
      <Filter>Source Files</Filter>
    </ClCompile>
    <ClCompile Include="src\tests\userprog\wait-simple.c">
      <Filter>Source Files</Filter>
    </ClCompile>
    <ClCompile Include="src\tests\userprog\wait-twice.c">
      <Filter>Source Files</Filter>
    </ClCompile>
    <ClCompile Include="src\tests\userprog\write-bad-fd.c">
      <Filter>Source Files</Filter>
    </ClCompile>
    <ClCompile Include="src\tests\userprog\write-bad-ptr.c">
      <Filter>Source Files</Filter>
    </ClCompile>
    <ClCompile Include="src\tests\userprog\write-boundary.c">
      <Filter>Source Files</Filter>
    </ClCompile>
    <ClCompile Include="src\tests\userprog\write-normal.c">
      <Filter>Source Files</Filter>
    </ClCompile>
    <ClCompile Include="src\tests\userprog\write-stdin.c">
      <Filter>Source Files</Filter>
    </ClCompile>
    <ClCompile Include="src\tests\userprog\write-zero.c">
      <Filter>Source Files</Filter>
    </ClCompile>
    <ClCompile Include="src\tests\vm\child-inherit.c">
      <Filter>Source Files</Filter>
    </ClCompile>
    <ClCompile Include="src\tests\vm\child-linear.c">
      <Filter>Source Files</Filter>
    </ClCompile>
    <ClCompile Include="src\tests\vm\child-mm-wrt.c">
      <Filter>Source Files</Filter>
    </ClCompile>
    <ClCompile Include="src\tests\vm\child-qsort.c">
      <Filter>Source Files</Filter>
    </ClCompile>
    <ClCompile Include="src\tests\vm\child-qsort-mm.c">
      <Filter>Source Files</Filter>
    </ClCompile>
    <ClCompile Include="src\tests\vm\child-sort.c">
      <Filter>Source Files</Filter>
    </ClCompile>
    <ClCompile Include="src\tests\vm\mmap-bad-fd.c">
      <Filter>Source Files</Filter>
    </ClCompile>
    <ClCompile Include="src\tests\vm\mmap-clean.c">
      <Filter>Source Files</Filter>
    </ClCompile>
    <ClCompile Include="src\tests\vm\mmap-close.c">
      <Filter>Source Files</Filter>
    </ClCompile>
    <ClCompile Include="src\tests\vm\mmap-exit.c">
      <Filter>Source Files</Filter>
    </ClCompile>
    <ClCompile Include="src\tests\vm\mmap-inherit.c">
      <Filter>Source Files</Filter>
    </ClCompile>
    <ClCompile Include="src\tests\vm\mmap-misalign.c">
      <Filter>Source Files</Filter>
    </ClCompile>
    <ClCompile Include="src\tests\vm\mmap-null.c">
      <Filter>Source Files</Filter>
    </ClCompile>
    <ClCompile Include="src\tests\vm\mmap-over-code.c">
      <Filter>Source Files</Filter>
    </ClCompile>
    <ClCompile Include="src\tests\vm\mmap-over-data.c">
      <Filter>Source Files</Filter>
    </ClCompile>
    <ClCompile Include="src\tests\vm\mmap-overlap.c">
      <Filter>Source Files</Filter>
    </ClCompile>
    <ClCompile Include="src\tests\vm\mmap-over-stk.c">
      <Filter>Source Files</Filter>
    </ClCompile>
    <ClCompile Include="src\tests\vm\mmap-read.c">
      <Filter>Source Files</Filter>
    </ClCompile>
    <ClCompile Include="src\tests\vm\mmap-remove.c">
      <Filter>Source Files</Filter>
    </ClCompile>
    <ClCompile Include="src\tests\vm\mmap-shuffle.c">
      <Filter>Source Files</Filter>
    </ClCompile>
    <ClCompile Include="src\tests\vm\mmap-twice.c">
      <Filter>Source Files</Filter>
    </ClCompile>
    <ClCompile Include="src\tests\vm\mmap-unmap.c">
      <Filter>Source Files</Filter>
    </ClCompile>
    <ClCompile Include="src\tests\vm\mmap-write.c">
      <Filter>Source Files</Filter>
    </ClCompile>
    <ClCompile Include="src\tests\vm\mmap-zero.c">
      <Filter>Source Files</Filter>
    </ClCompile>
    <ClCompile Include="src\tests\vm\page-linear.c">
      <Filter>Source Files</Filter>
    </ClCompile>
    <ClCompile Include="src\tests\vm\page-merge-mm.c">
      <Filter>Source Files</Filter>
    </ClCompile>
    <ClCompile Include="src\tests\vm\page-merge-par.c">
      <Filter>Source Files</Filter>
    </ClCompile>
    <ClCompile Include="src\tests\vm\page-merge-seq.c">
      <Filter>Source Files</Filter>
    </ClCompile>
    <ClCompile Include="src\tests\vm\page-merge-stk.c">
      <Filter>Source Files</Filter>
    </ClCompile>
    <ClCompile Include="src\tests\vm\page-parallel.c">
      <Filter>Source Files</Filter>
    </ClCompile>
    <ClCompile Include="src\tests\vm\page-shuffle.c">
      <Filter>Source Files</Filter>
    </ClCompile>
    <ClCompile Include="src\tests\vm\parallel-merge.c">
      <Filter>Source Files</Filter>
    </ClCompile>
    <ClCompile Include="src\tests\vm\pt-bad-addr.c">
      <Filter>Source Files</Filter>
    </ClCompile>
    <ClCompile Include="src\tests\vm\pt-bad-read.c">
      <Filter>Source Files</Filter>
    </ClCompile>
    <ClCompile Include="src\tests\vm\pt-big-stk-obj.c">
      <Filter>Source Files</Filter>
    </ClCompile>
    <ClCompile Include="src\tests\vm\pt-grow-bad.c">
      <Filter>Source Files</Filter>
    </ClCompile>
    <ClCompile Include="src\tests\vm\pt-grow-pusha.c">
      <Filter>Source Files</Filter>
    </ClCompile>
    <ClCompile Include="src\tests\vm\pt-grow-stack.c">
      <Filter>Source Files</Filter>
    </ClCompile>
    <ClCompile Include="src\tests\vm\pt-grow-stk-sc.c">
      <Filter>Source Files</Filter>
    </ClCompile>
    <ClCompile Include="src\tests\vm\pt-write-code.c">
      <Filter>Source Files</Filter>
    </ClCompile>
    <ClCompile Include="src\tests\vm\pt-write-code-2.c">
      <Filter>Source Files</Filter>
    </ClCompile>
    <ClCompile Include="src\tests\vm\qsort.c">
      <Filter>Source Files</Filter>
    </ClCompile>
    <ClCompile Include="src\tests\arc4.c">
      <Filter>Source Files</Filter>
    </ClCompile>
    <ClCompile Include="src\tests\cksum.c">
      <Filter>Source Files</Filter>
    </ClCompile>
    <ClCompile Include="src\tests\lib.c">
      <Filter>Source Files</Filter>
    </ClCompile>
    <ClCompile Include="src\tests\main.c">
      <Filter>Source Files</Filter>
    </ClCompile>
    <ClCompile Include="src\threads\init.c">
      <Filter>Source Files</Filter>
    </ClCompile>
    <ClCompile Include="src\threads\interrupt.c">
      <Filter>Source Files</Filter>
    </ClCompile>
    <ClCompile Include="src\threads\malloc.c">
      <Filter>Source Files</Filter>
    </ClCompile>
    <ClCompile Include="src\threads\palloc.c">
      <Filter>Source Files</Filter>
    </ClCompile>
    <ClCompile Include="src\threads\synch.c">
      <Filter>Source Files</Filter>
    </ClCompile>
    <ClCompile Include="src\threads\thread.c">
      <Filter>Source Files</Filter>
    </ClCompile>
    <ClCompile Include="src\userprog\exception.c">
      <Filter>Source Files</Filter>
    </ClCompile>
    <ClCompile Include="src\userprog\gdt.c">
      <Filter>Source Files</Filter>
    </ClCompile>
    <ClCompile Include="src\userprog\pagedir.c">
      <Filter>Source Files</Filter>
    </ClCompile>
    <ClCompile Include="src\userprog\process.c">
      <Filter>Source Files</Filter>
    </ClCompile>
    <ClCompile Include="src\userprog\syscall.c">
      <Filter>Source Files</Filter>
    </ClCompile>
    <ClCompile Include="src\userprog\tss.c">
      <Filter>Source Files</Filter>
    </ClCompile>
    <ClCompile Include="src\utils\setitimer-helper.c">
      <Filter>Source Files</Filter>
    </ClCompile>
    <ClCompile Include="src\utils\squish-pty.c">
      <Filter>Source Files</Filter>
    </ClCompile>
    <ClCompile Include="src\utils\squish-unix.c">
      <Filter>Source Files</Filter>
    </ClCompile>
  </ItemGroup>
  <ItemGroup>
    <ClInclude Include="src\devices\block.h">
      <Filter>Header Files</Filter>
    </ClInclude>
    <ClInclude Include="src\devices\ide.h">
      <Filter>Header Files</Filter>
    </ClInclude>
    <ClInclude Include="src\devices\input.h">
      <Filter>Header Files</Filter>
    </ClInclude>
    <ClInclude Include="src\devices\intq.h">
      <Filter>Header Files</Filter>
    </ClInclude>
    <ClInclude Include="src\devices\kbd.h">
      <Filter>Header Files</Filter>
    </ClInclude>
    <ClInclude Include="src\devices\partition.h">
      <Filter>Header Files</Filter>
    </ClInclude>
    <ClInclude Include="src\devices\pit.h">
      <Filter>Header Files</Filter>
    </ClInclude>
    <ClInclude Include="src\devices\rtc.h">
      <Filter>Header Files</Filter>
    </ClInclude>
    <ClInclude Include="src\devices\serial.h">
      <Filter>Header Files</Filter>
    </ClInclude>
    <ClInclude Include="src\devices\shutdown.h">
      <Filter>Header Files</Filter>
    </ClInclude>
    <ClInclude Include="src\devices\speaker.h">
      <Filter>Header Files</Filter>
    </ClInclude>
    <ClInclude Include="src\devices\timer.h">
      <Filter>Header Files</Filter>
    </ClInclude>
    <ClInclude Include="src\devices\vga.h">
      <Filter>Header Files</Filter>
    </ClInclude>
    <ClInclude Include="src\filesys\directory.h">
      <Filter>Header Files</Filter>
    </ClInclude>
    <ClInclude Include="src\filesys\file.h">
      <Filter>Header Files</Filter>
    </ClInclude>
    <ClInclude Include="src\filesys\filesys.h">
      <Filter>Header Files</Filter>
    </ClInclude>
    <ClInclude Include="src\filesys\free-map.h">
      <Filter>Header Files</Filter>
    </ClInclude>
    <ClInclude Include="src\filesys\fsutil.h">
      <Filter>Header Files</Filter>
    </ClInclude>
    <ClInclude Include="src\filesys\inode.h">
      <Filter>Header Files</Filter>
    </ClInclude>
    <ClInclude Include="src\filesys\off_t.h">
      <Filter>Header Files</Filter>
    </ClInclude>
    <ClInclude Include="src\lib\kernel\bitmap.h">
      <Filter>Header Files</Filter>
    </ClInclude>
    <ClInclude Include="src\lib\kernel\console.h">
      <Filter>Header Files</Filter>
    </ClInclude>
    <ClInclude Include="src\lib\kernel\hash.h">
      <Filter>Header Files</Filter>
    </ClInclude>
    <ClInclude Include="src\lib\kernel\list.h">
      <Filter>Header Files</Filter>
    </ClInclude>
    <ClInclude Include="src\lib\kernel\stdio.h">
      <Filter>Header Files</Filter>
    </ClInclude>
    <ClInclude Include="src\lib\user\stdio.h">
      <Filter>Header Files</Filter>
    </ClInclude>
    <ClInclude Include="src\lib\user\syscall.h">
      <Filter>Header Files</Filter>
    </ClInclude>
    <ClInclude Include="src\lib\ctype.h">
      <Filter>Header Files</Filter>
    </ClInclude>
    <ClInclude Include="src\lib\debug.h">
      <Filter>Header Files</Filter>
    </ClInclude>
    <ClInclude Include="src\lib\inttypes.h">
      <Filter>Header Files</Filter>
    </ClInclude>
    <ClInclude Include="src\lib\limits.h">
      <Filter>Header Files</Filter>
    </ClInclude>
    <ClInclude Include="src\lib\packed.h">
      <Filter>Header Files</Filter>
    </ClInclude>
    <ClInclude Include="src\lib\random.h">
      <Filter>Header Files</Filter>
    </ClInclude>
    <ClInclude Include="src\lib\round.h">
      <Filter>Header Files</Filter>
    </ClInclude>
    <ClInclude Include="src\lib\stdarg.h">
      <Filter>Header Files</Filter>
    </ClInclude>
    <ClInclude Include="src\lib\stdbool.h">
      <Filter>Header Files</Filter>
    </ClInclude>
    <ClInclude Include="src\lib\stddef.h">
      <Filter>Header Files</Filter>
    </ClInclude>
    <ClInclude Include="src\lib\stdint.h">
      <Filter>Header Files</Filter>
    </ClInclude>
    <ClInclude Include="src\lib\stdio.h">
      <Filter>Header Files</Filter>
    </ClInclude>
    <ClInclude Include="src\lib\stdlib.h">
      <Filter>Header Files</Filter>
    </ClInclude>
    <ClInclude Include="src\lib\string.h">
      <Filter>Header Files</Filter>
    </ClInclude>
    <ClInclude Include="src\lib\syscall-nr.h">
      <Filter>Header Files</Filter>
    </ClInclude>
    <ClInclude Include="src\lib\ustar.h">
      <Filter>Header Files</Filter>
    </ClInclude>
    <ClInclude Include="src\tests\filesys\base\syn-read.h">
      <Filter>Header Files</Filter>
    </ClInclude>
    <ClInclude Include="src\tests\filesys\base\syn-write.h">
      <Filter>Header Files</Filter>
    </ClInclude>
    <ClInclude Include="src\tests\filesys\extended\mk-tree.h">
      <Filter>Header Files</Filter>
    </ClInclude>
    <ClInclude Include="src\tests\filesys\extended\syn-rw.h">
      <Filter>Header Files</Filter>
    </ClInclude>
    <ClInclude Include="src\tests\filesys\seq-test.h">
      <Filter>Header Files</Filter>
    </ClInclude>
    <ClInclude Include="src\tests\threads\tests.h">
      <Filter>Header Files</Filter>
    </ClInclude>
    <ClInclude Include="src\tests\userprog\boundary.h">
      <Filter>Header Files</Filter>
    </ClInclude>
    <ClInclude Include="src\tests\vm\parallel-merge.h">
      <Filter>Header Files</Filter>
    </ClInclude>
    <ClInclude Include="src\tests\vm\qsort.h">
      <Filter>Header Files</Filter>
    </ClInclude>
    <ClInclude Include="src\tests\arc4.h">
      <Filter>Header Files</Filter>
    </ClInclude>
    <ClInclude Include="src\tests\cksum.h">
      <Filter>Header Files</Filter>
    </ClInclude>
    <ClInclude Include="src\tests\lib.h">
      <Filter>Header Files</Filter>
    </ClInclude>
    <ClInclude Include="src\tests\main.h">
      <Filter>Header Files</Filter>
    </ClInclude>
    <ClInclude Include="src\threads\flags.h">
      <Filter>Header Files</Filter>
    </ClInclude>
    <ClInclude Include="src\threads\init.h">
      <Filter>Header Files</Filter>
    </ClInclude>
    <ClInclude Include="src\threads\interrupt.h">
      <Filter>Header Files</Filter>
    </ClInclude>
    <ClInclude Include="src\threads\intr-stubs.h">
      <Filter>Header Files</Filter>
    </ClInclude>
    <ClInclude Include="src\threads\io.h">
      <Filter>Header Files</Filter>
    </ClInclude>
    <ClInclude Include="src\threads\loader.h">
      <Filter>Header Files</Filter>
    </ClInclude>
    <ClInclude Include="src\threads\malloc.h">
      <Filter>Header Files</Filter>
    </ClInclude>
    <ClInclude Include="src\threads\palloc.h">
      <Filter>Header Files</Filter>
    </ClInclude>
    <ClInclude Include="src\threads\pte.h">
      <Filter>Header Files</Filter>
    </ClInclude>
    <ClInclude Include="src\threads\switch.h">
      <Filter>Header Files</Filter>
    </ClInclude>
    <ClInclude Include="src\threads\synch.h">
      <Filter>Header Files</Filter>
    </ClInclude>
    <ClInclude Include="src\threads\thread.h">
      <Filter>Header Files</Filter>
    </ClInclude>
    <ClInclude Include="src\threads\vaddr.h">
      <Filter>Header Files</Filter>
    </ClInclude>
    <ClInclude Include="src\userprog\exception.h">
      <Filter>Header Files</Filter>
    </ClInclude>
    <ClInclude Include="src\userprog\gdt.h">
      <Filter>Header Files</Filter>
    </ClInclude>
    <ClInclude Include="src\userprog\pagedir.h">
      <Filter>Header Files</Filter>
    </ClInclude>
    <ClInclude Include="src\userprog\process.h">
      <Filter>Header Files</Filter>
    </ClInclude>
    <ClInclude Include="src\userprog\syscall.h">
      <Filter>Header Files</Filter>
    </ClInclude>
    <ClInclude Include="src\userprog\tss.h">
      <Filter>Header Files</Filter>
    </ClInclude>
  </ItemGroup>
  <ItemGroup>
    <None Include="src\tests\filesys\base\full.inc">
      <Filter>Header Files</Filter>
    </None>
    <None Include="src\tests\filesys\base\random.inc">
      <Filter>Header Files</Filter>
    </None>
    <None Include="src\tests\filesys\base\seq-block.inc">
      <Filter>Header Files</Filter>
    </None>
    <None Include="src\tests\filesys\base\seq-random.inc">
      <Filter>Header Files</Filter>
    </None>
    <None Include="src\tests\filesys\extended\grow-dir.inc">
      <Filter>Header Files</Filter>
    </None>
    <None Include="src\tests\filesys\extended\grow-seq.inc">
      <Filter>Header Files</Filter>
    </None>
    <None Include="src\tests\filesys\create.inc">
      <Filter>Header Files</Filter>
    </None>
    <None Include="src\tests\userprog\rox-child.inc">
      <Filter>Header Files</Filter>
    </None>
    <None Include="src\tests\userprog\sample.inc">
      <Filter>Header Files</Filter>
    </None>
    <None Include="src\tests\vm\sample.inc">
      <Filter>Header Files</Filter>
    </None>
  </ItemGroup>
</Project>